github.com/bit101/bitlib v0.5.0 h1:F8RrbnuLaYcqK/txlkdTTETFkcsMWRk9MHQE7YE08H4=
github.com/bit101/bitlib v0.5.0/go.mod h1:d0L7f0E8a21VD7cDuVuIsNyD4yqqxZsvgKxh5Nx433E=
github.com/bit101/bitlib v0.5.2 h1:n5uw8Vk/BhBgW9FXtUCTgTB6F6PS7rCdkd1PLAGzY6g=
github.com/bit101/bitlib v0.5.2/go.mod h1:d0L7f0E8a21VD7cDuVuIsNyD4yqqxZsvgKxh5Nx433E=
github.com/bit101/blcairo v1.3.2 h1:eDzPpexoQB8iF3kYF+LYOIz9hy8k10W972kZh1hFvjM=
github.com/bit101/blcairo v1.3.2/go.mod h1:MjwLVnmJzgMQKJimG5sHBQtsrmimzKyJOFdp/wgk2hU=
